version = 1
revision = 2
requires-python = ">=3.13"

[[package]]
name = "lark-parser"
version = "0.12.0"
source = { registry = "https://pypi.org/simple" }
sdist = { url = "https://files.pythonhosted.org/packages/5a/ee/fd1192d7724419ddfe15b6f17d1c8742800d4de917c0adac3b6aaf22e921/lark-parser-0.12.0.tar.gz", hash = "sha256:15967db1f1214013dca65b1180745047b9be457d73da224fcda3d9dd4e96a138", size = 235029, upload-time = "2021-08-30T09:14:44.484Z" }
wheels = [
    { url = "https://files.pythonhosted.org/packages/76/00/90f05db333fe1aa6b6ffea83a35425b7d53ea95c8bba0b1597f226cf1d5f/lark_parser-0.12.0-py2.py3-none-any.whl", hash = "sha256:0eaf30cb5ba787fe404d73a7d6e61df97b21d5a63ac26c5008c78a494373c675", size = 103498, upload-time = "2021-08-30T13:01:01.603Z" },
]

[[package]]
name = "tla-dsl-poc"
version = "0.1.0"
source = { virtual = "." }
dependencies = [
    { name = "lark-parser" },
]

[package.metadata]
requires-dist = [{ name = "lark-parser", specifier = ">=0.12.0" }]
